{
  "pins" : [
    {
      "identity" : "fontkit",
      "kind" : "remoteSourceControl",
      "location" : "git@github.com:VishwaiOSDev/FontKit.git",
      "state" : {
        "revision" : "c0f89b14d0f6dd70b20cda4004b1b120a58429b2",
        "version" : "0.0.5"
      }
    },
    {
      "identity" : "logkit",
      "kind" : "remoteSourceControl",
      "location" : "https://github.com/VishwaiOSDev/LogKit",
      "state" : {
        "revision" : "d4c55d28e3eaa620c4a85c0fcf2ae03ffe889edb",
        "version" : "1.1.2"
      }
    }
  ],
  "version" : 2
}
